
Microsoft Visual Studio Solution File, Format Version 12.00
# Visual Studio Version 16
VisualStudioVersion = 16.0.34902.97
MinimumVisualStudioVersion = 10.0.40219.1
Project("{FAE04EC0-301F-11D3-BF4B-00C04F79EFBC}") = "e-Tickets", "e-Tickets\e-Tickets.csproj", "{7DEB40F2-3ED2-4306-A972-C55D952B15DC}"
EndProject
Global
	GlobalSection(SolutionConfigurationPlatforms) = preSolution
		Debug|Any CPU = Debug|Any CPU
		Release|Any CPU = Release|Any CPU
	EndGlobalSection
	GlobalSection(ProjectConfigurationPlatforms) = postSolution
		{7DEB40F2-3ED2-4306-A972-C55D952B15DC}.Debug|Any CPU.ActiveCfg = Debug|Any CPU
		{7DEB40F2-3ED2-4306-A972-C55D952B15DC}.Debug|Any CPU.Build.0 = Debug|Any CPU
		{7DEB40F2-3ED2-4306-A972-C55D952B15DC}.Release|Any CPU.ActiveCfg = Release|Any CPU
		{7DEB40F2-3ED2-4306-A972-C55D952B15DC}.Release|Any CPU.Build.0 = Release|Any CPU
	EndGlobalSection
	GlobalSection(SolutionProperties) = preSolution
		HideSolutionNode = FALSE
	EndGlobalSection
	GlobalSection(ExtensibilityGlobals) = postSolution
		SolutionGuid = {BDA6E62F-20ED-41ED-ACD8-0DD8F391D625}
	EndGlobalSection
EndGlobal
